
Microsoft Visual Studio Solution File, Format Version 12.00
# Visual Studio Version 17
VisualStudioVersion = 17.7.34024.191
MinimumVisualStudioVersion = 10.0.40219.1
Project("{9A19103F-16F7-4668-BE54-9A1E7A4F7556}") = "KidsFair", "KidsFair\KidsFair.csproj", "{544E6ED5-51AF-469A-9794-B1BB1E0CE6B6}"
EndProject
Project("{FAE04EC0-301F-11D3-BF4B-00C04F79EFBC}") = "BabyApp", "BabyApp\BabyApp.csproj", "{88136BF4-1712-4F60-8CFA-F668DAE7B5A7}"
EndProject
Global
	GlobalSection(SolutionConfigurationPlatforms) = preSolution
		Debug|Any CPU = Debug|Any CPU
		Release|Any CPU = Release|Any CPU
	EndGlobalSection
	GlobalSection(ProjectConfigurationPlatforms) = postSolution
		{544E6ED5-51AF-469A-9794-B1BB1E0CE6B6}.Debug|Any CPU.ActiveCfg = Debug|Any CPU
		{544E6ED5-51AF-469A-9794-B1BB1E0CE6B6}.Debug|Any CPU.Build.0 = Debug|Any CPU
		{544E6ED5-51AF-469A-9794-B1BB1E0CE6B6}.Release|Any CPU.ActiveCfg = Release|Any CPU
		{544E6ED5-51AF-469A-9794-B1BB1E0CE6B6}.Release|Any CPU.Build.0 = Release|Any CPU
		{88136BF4-1712-4F60-8CFA-F668DAE7B5A7}.Debug|Any CPU.ActiveCfg = Debug|Any CPU
		{88136BF4-1712-4F60-8CFA-F668DAE7B5A7}.Debug|Any CPU.Build.0 = Debug|Any CPU
		{88136BF4-1712-4F60-8CFA-F668DAE7B5A7}.Release|Any CPU.ActiveCfg = Release|Any CPU
		{88136BF4-1712-4F60-8CFA-F668DAE7B5A7}.Release|Any CPU.Build.0 = Release|Any CPU
	EndGlobalSection
	GlobalSection(SolutionProperties) = preSolution
		HideSolutionNode = FALSE
	EndGlobalSection
	GlobalSection(ExtensibilityGlobals) = postSolution
		SolutionGuid = {68A2C96B-EA23-439E-9EED-AA49648E831A}
	EndGlobalSection
EndGlobal
